{
  "object": {
    "pins": [
      {
        "package": "Bech32",
        "repositoryURL": "https://github.com/lishuailibertine/Bech32",
        "state": {
          "branch": null,
          "revision": "82e758ddf9cbf546c807d3913933972b59b4947b",
          "version": "1.0.5"
        }
      },
      {
        "package": "PromiseKit",
        "repositoryURL": "https://github.com/mxcl/PromiseKit.git",
        "state": {
          "branch": null,
          "revision": "8a98e31a47854d3180882c8068cc4d9381bf382d",
          "version": "6.22.1"
        }
      }
    ]
  },
  "version": 1
}
